<?xml version="1.0" encoding="utf-8"?>
<Project ToolsVersion="4.0" xmlns="http://schemas.microsoft.com/developer/msbuild/2003">
  <ItemGroup>
    <ClCompile Include="example1.cpp" />
    <ClCompile Include="Janela.hpp">
      <Filter>Header Files</Filter>
    </ClCompile>
    <ClCompile Include="Esfera.cpp">
      <Filter>Source Files</Filter>
    </ClCompile>
    <ClCompile Include="Triangulo.cpp">
      <Filter>Source Files</Filter>
    </ClCompile>
    <ClCompile Include="Raio.cpp">
      <Filter>Source Files</Filter>
    </ClCompile>
    <ClCompile Include="Objeto.cpp">
      <Filter>Source Files</Filter>
    </ClCompile>
    <ClCompile Include="Modelo.cpp">
      <Filter>Source Files</Filter>
    </ClCompile>
    <ClCompile Include="Material.cpp">
      <Filter>Source Files</Filter>
    </ClCompile>
    <ClCompile Include="Luz.cpp">
      <Filter>Source Files</Filter>
    </ClCompile>
    <ClCompile Include="Ambiente.cpp">
      <Filter>Source Files</Filter>
    </ClCompile>
    <ClCompile Include="Janela.cpp">
      <Filter>Source Files</Filter>
    </ClCompile>
  </ItemGroup>
  <ItemGroup>
    <ClInclude Include="Esfera.hpp">
      <Filter>Header Files</Filter>
    </ClInclude>
    <ClInclude Include="Luz.hpp">
      <Filter>Header Files</Filter>
    </ClInclude>
    <ClInclude Include="Ambiente.hpp">
      <Filter>Header Files</Filter>
    </ClInclude>
    <ClInclude Include="Material.hpp">
      <Filter>Header Files</Filter>
    </ClInclude>
    <ClInclude Include="Modelo.hpp">
      <Filter>Header Files</Filter>
    </ClInclude>
    <ClInclude Include="Objeto.hpp">
      <Filter>Header Files</Filter>
    </ClInclude>
    <ClInclude Include="Raio.hpp">
      <Filter>Header Files</Filter>
    </ClInclude>
    <ClInclude Include="Triangulo.hpp">
      <Filter>Header Files</Filter>
    </ClInclude>
  </ItemGroup>
  <ItemGroup>
    <Filter Include="Header Files">
      <UniqueIdentifier>{e1d23fa3-ef23-426a-aa85-b8349ae080e0}</UniqueIdentifier>
      <Extensions>.hpp</Extensions>
    </Filter>
    <Filter Include="Source Files">
      <UniqueIdentifier>{17f6a60d-ab2a-48b7-be2c-e2b2339477a1}</UniqueIdentifier>
    </Filter>
  </ItemGroup>
</Project>